Microsoft Visual Studio Solution File, Format Version 12.00
# Visual Studio Version 16
VisualStudioVersion = 16.0.0.0
MinimumVisualStudioVersion = 16.0.0.0
Project("{9A19103F-16F7-4668-BE54-9A1E7A4F7556}") = "blazor_mix_ssr.Server", "Server\blazor_mix_ssr.Server.csproj", "{2C40174D-65C9-4F2D-A272-148BEC0A06FD}"
EndProject
Project("{9A19103F-16F7-4668-BE54-9A1E7A4F7556}") = "blazor_mix_ssr.Client", "Client\blazor_mix_ssr.Client.csproj", "{700B9065-E0CC-4DD2-A640-0EC162A28D51}"
EndProject
Project("{9A19103F-16F7-4668-BE54-9A1E7A4F7556}") = "blazor_mix_ssr.Shared", "Shared\blazor_mix_ssr.Shared.csproj", "{7DB54EDC-420D-4247-B66D-6D6EA6D83CC5}"
EndProject
Global
	GlobalSection(SolutionConfigurationPlatforms) = preSolution
		Debug|Any CPU = Debug|Any CPU
		Debug|x64 = Debug|x64
		Debug|x86 = Debug|x86
		Release|Any CPU = Release|Any CPU
		Release|x64 = Release|x64
		Release|x86 = Release|x86
	EndGlobalSection
	GlobalSection(ProjectConfigurationPlatforms) = postSolution
		{700B9065-E0CC-4DD2-A640-0EC162A28D51}.Debug|Any CPU.ActiveCfg = Debug|Any CPU
		{700B9065-E0CC-4DD2-A640-0EC162A28D51}.Debug|Any CPU.Build.0 = Debug|Any CPU
		{700B9065-E0CC-4DD2-A640-0EC162A28D51}.Debug|x64.ActiveCfg = Debug|Any CPU
		{700B9065-E0CC-4DD2-A640-0EC162A28D51}.Debug|x64.Build.0 = Debug|Any CPU
		{700B9065-E0CC-4DD2-A640-0EC162A28D51}.Debug|x86.ActiveCfg = Debug|Any CPU
		{700B9065-E0CC-4DD2-A640-0EC162A28D51}.Debug|x86.Build.0 = Debug|Any CPU
		{700B9065-E0CC-4DD2-A640-0EC162A28D51}.Release|Any CPU.ActiveCfg = Release|Any CPU
		{700B9065-E0CC-4DD2-A640-0EC162A28D51}.Release|Any CPU.Build.0 = Release|Any CPU
		{700B9065-E0CC-4DD2-A640-0EC162A28D51}.Release|x64.ActiveCfg = Release|Any CPU
		{700B9065-E0CC-4DD2-A640-0EC162A28D51}.Release|x64.Build.0 = Release|Any CPU
		{700B9065-E0CC-4DD2-A640-0EC162A28D51}.Release|x86.ActiveCfg = Release|Any CPU
		{700B9065-E0CC-4DD2-A640-0EC162A28D51}.Release|x86.Build.0 = Release|Any CPU
		{2C40174D-65C9-4F2D-A272-148BEC0A06FD}.Debug|Any CPU.ActiveCfg = Debug|Any CPU
		{2C40174D-65C9-4F2D-A272-148BEC0A06FD}.Debug|Any CPU.Build.0 = Debug|Any CPU
		{2C40174D-65C9-4F2D-A272-148BEC0A06FD}.Debug|x64.ActiveCfg = Debug|Any CPU
		{2C40174D-65C9-4F2D-A272-148BEC0A06FD}.Debug|x64.Build.0 = Debug|Any CPU
		{2C40174D-65C9-4F2D-A272-148BEC0A06FD}.Debug|x86.ActiveCfg = Debug|Any CPU
		{2C40174D-65C9-4F2D-A272-148BEC0A06FD}.Debug|x86.Build.0 = Debug|Any CPU
		{2C40174D-65C9-4F2D-A272-148BEC0A06FD}.Release|Any CPU.ActiveCfg = Release|Any CPU
		{2C40174D-65C9-4F2D-A272-148BEC0A06FD}.Release|Any CPU.Build.0 = Release|Any CPU
		{2C40174D-65C9-4F2D-A272-148BEC0A06FD}.Release|x64.ActiveCfg = Release|Any CPU
		{2C40174D-65C9-4F2D-A272-148BEC0A06FD}.Release|x64.Build.0 = Release|Any CPU
		{2C40174D-65C9-4F2D-A272-148BEC0A06FD}.Release|x86.ActiveCfg = Release|Any CPU
		{2C40174D-65C9-4F2D-A272-148BEC0A06FD}.Release|x86.Build.0 = Release|Any CPU
		{7DB54EDC-420D-4247-B66D-6D6EA6D83CC5}.Debug|Any CPU.ActiveCfg = Debug|Any CPU
		{7DB54EDC-420D-4247-B66D-6D6EA6D83CC5}.Debug|Any CPU.Build.0 = Debug|Any CPU
		{7DB54EDC-420D-4247-B66D-6D6EA6D83CC5}.Debug|x64.ActiveCfg = Debug|Any CPU
		{7DB54EDC-420D-4247-B66D-6D6EA6D83CC5}.Debug|x64.Build.0 = Debug|Any CPU
		{7DB54EDC-420D-4247-B66D-6D6EA6D83CC5}.Debug|x86.ActiveCfg = Debug|Any CPU
		{7DB54EDC-420D-4247-B66D-6D6EA6D83CC5}.Debug|x86.Build.0 = Debug|Any CPU
		{7DB54EDC-420D-4247-B66D-6D6EA6D83CC5}.Release|Any CPU.ActiveCfg = Release|Any CPU
		{7DB54EDC-420D-4247-B66D-6D6EA6D83CC5}.Release|Any CPU.Build.0 = Release|Any CPU
		{7DB54EDC-420D-4247-B66D-6D6EA6D83CC5}.Release|x64.ActiveCfg = Release|Any CPU
		{7DB54EDC-420D-4247-B66D-6D6EA6D83CC5}.Release|x64.Build.0 = Release|Any CPU
		{7DB54EDC-420D-4247-B66D-6D6EA6D83CC5}.Release|x86.ActiveCfg = Release|Any CPU
		{7DB54EDC-420D-4247-B66D-6D6EA6D83CC5}.Release|x86.Build.0 = Release|Any CPU
	EndGlobalSection
	GlobalSection(SolutionProperties) = preSolution
		HideSolutionNode = FALSE
	EndGlobalSection
	GlobalSection(ExtensibilityGlobals) = postSolution
		SolutionGuid = {894C0A0D-7F90-40A7-91B8-6272EB72C7DB}
	EndGlobalSection
EndGlobal